
Microsoft Visual Studio Solution File, Format Version 12.00
# Visual Studio Version 16
VisualStudioVersion = 16.0.31702.278
MinimumVisualStudioVersion = 10.0.40219.1
Project("{FAE04EC0-301F-11D3-BF4B-00C04F79EFBC}") = "AtividadeCEP", "AtividadeCEP.csproj", "{0AD2956B-EC24-4716-BFC6-B0841639430D}"
EndProject
Global
	GlobalSection(SolutionConfigurationPlatforms) = preSolution
		Debug|Any CPU = Debug|Any CPU
		Release|Any CPU = Release|Any CPU
	EndGlobalSection
	GlobalSection(ProjectConfigurationPlatforms) = postSolution
		{0AD2956B-EC24-4716-BFC6-B0841639430D}.Debug|Any CPU.ActiveCfg = Debug|Any CPU
		{0AD2956B-EC24-4716-BFC6-B0841639430D}.Debug|Any CPU.Build.0 = Debug|Any CPU
		{0AD2956B-EC24-4716-BFC6-B0841639430D}.Release|Any CPU.ActiveCfg = Release|Any CPU
		{0AD2956B-EC24-4716-BFC6-B0841639430D}.Release|Any CPU.Build.0 = Release|Any CPU
	EndGlobalSection
	GlobalSection(SolutionProperties) = preSolution
		HideSolutionNode = FALSE
	EndGlobalSection
	GlobalSection(ExtensibilityGlobals) = postSolution
		SolutionGuid = {4BA9CF2C-C5CC-4682-8783-E4D3FE381045}
	EndGlobalSection
EndGlobal
